
Microsoft Visual Studio Solution File, Format Version 12.00
# Visual Studio 14
VisualStudioVersion = 14.0.25420.1
MinimumVisualStudioVersion = 10.0.40219.1
Project("{2150E333-8FDC-42A3-9474-1A3956D46DE8}") = "src", "src", "{DCBAECC6-C595-49D5-8DDB-7C4EE998F7E0}"
EndProject
Project("{2150E333-8FDC-42A3-9474-1A3956D46DE8}") = "Solution Items", "Solution Items", "{EDF2F649-7251-42D4-88E9-D557969E7620}"
	ProjectSection(SolutionItems) = preProject
		global.json = global.json
	EndProjectSection
EndProject
Project("{8BB2217D-0F2D-49D1-97BC-3654ED321F3B}") = "startPoint3", "src\startPoint3\startPoint3.xproj", "{5F97E22F-D8B4-42C2-BE54-69BD4D0A62B0}"
EndProject
Global
	GlobalSection(SolutionConfigurationPlatforms) = preSolution
		Debug|Any CPU = Debug|Any CPU
		Release|Any CPU = Release|Any CPU
	EndGlobalSection
	GlobalSection(ProjectConfigurationPlatforms) = postSolution
		{5F97E22F-D8B4-42C2-BE54-69BD4D0A62B0}.Debug|Any CPU.ActiveCfg = Debug|Any CPU
		{5F97E22F-D8B4-42C2-BE54-69BD4D0A62B0}.Debug|Any CPU.Build.0 = Debug|Any CPU
		{5F97E22F-D8B4-42C2-BE54-69BD4D0A62B0}.Release|Any CPU.ActiveCfg = Release|Any CPU
		{5F97E22F-D8B4-42C2-BE54-69BD4D0A62B0}.Release|Any CPU.Build.0 = Release|Any CPU
	EndGlobalSection
	GlobalSection(SolutionProperties) = preSolution
		HideSolutionNode = FALSE
	EndGlobalSection
	GlobalSection(NestedProjects) = preSolution
		{5F97E22F-D8B4-42C2-BE54-69BD4D0A62B0} = {DCBAECC6-C595-49D5-8DDB-7C4EE998F7E0}
	EndGlobalSection
EndGlobal
